
Microsoft Visual Studio Solution File, Format Version 12.00
# Visual Studio 15
VisualStudioVersion = 15.0.27703.2035
MinimumVisualStudioVersion = 10.0.40219.1
Project("{FAE04EC0-301F-11D3-BF4B-00C04F79EFBC}") = "MtgExtensionAppender", "MtgExtensionAppender\MtgExtensionAppender.csproj", "{4329A311-CC3C-42E7-B427-A50F7125B809}"
EndProject
Global
	GlobalSection(SolutionConfigurationPlatforms) = preSolution
		Debug|Any CPU = Debug|Any CPU
		Release|Any CPU = Release|Any CPU
	EndGlobalSection
	GlobalSection(ProjectConfigurationPlatforms) = postSolution
		{4329A311-CC3C-42E7-B427-A50F7125B809}.Debug|Any CPU.ActiveCfg = Debug|Any CPU
		{4329A311-CC3C-42E7-B427-A50F7125B809}.Debug|Any CPU.Build.0 = Debug|Any CPU
		{4329A311-CC3C-42E7-B427-A50F7125B809}.Release|Any CPU.ActiveCfg = Release|Any CPU
		{4329A311-CC3C-42E7-B427-A50F7125B809}.Release|Any CPU.Build.0 = Release|Any CPU
	EndGlobalSection
	GlobalSection(SolutionProperties) = preSolution
		HideSolutionNode = FALSE
	EndGlobalSection
	GlobalSection(ExtensibilityGlobals) = postSolution
		SolutionGuid = {96446BE8-B5A8-41B6-BFAD-6A107CEE53F5}
	EndGlobalSection
EndGlobal
